
Microsoft Visual Studio Solution File, Format Version 12.00
# Visual Studio Version 17
VisualStudioVersion = 17.14.36616.10 d17.14
MinimumVisualStudioVersion = 10.0.40219.1
Project("{FAE04EC0-301F-11D3-BF4B-00C04F79EFBC}") = "NelaDev", "NelaDev\NelaDev.csproj", "{B81BD8C1-2257-4F55-A48A-C7B98036187C}"
EndProject
Project("{FAE04EC0-301F-11D3-BF4B-00C04F79EFBC}") = "web", "web\web.csproj", "{C885B0BB-66A0-4DEA-AD06-886D43F6181E}"
EndProject
Global
	GlobalSection(SolutionConfigurationPlatforms) = preSolution
		Debug|Any CPU = Debug|Any CPU
		Release|Any CPU = Release|Any CPU
	EndGlobalSection
	GlobalSection(ProjectConfigurationPlatforms) = postSolution
		{B81BD8C1-2257-4F55-A48A-C7B98036187C}.Debug|Any CPU.ActiveCfg = Debug|Any CPU
		{B81BD8C1-2257-4F55-A48A-C7B98036187C}.Debug|Any CPU.Build.0 = Debug|Any CPU
		{B81BD8C1-2257-4F55-A48A-C7B98036187C}.Release|Any CPU.ActiveCfg = Release|Any CPU
		{B81BD8C1-2257-4F55-A48A-C7B98036187C}.Release|Any CPU.Build.0 = Release|Any CPU
		{C885B0BB-66A0-4DEA-AD06-886D43F6181E}.Debug|Any CPU.ActiveCfg = Debug|Any CPU
		{C885B0BB-66A0-4DEA-AD06-886D43F6181E}.Debug|Any CPU.Build.0 = Debug|Any CPU
		{C885B0BB-66A0-4DEA-AD06-886D43F6181E}.Release|Any CPU.ActiveCfg = Release|Any CPU
		{C885B0BB-66A0-4DEA-AD06-886D43F6181E}.Release|Any CPU.Build.0 = Release|Any CPU
	EndGlobalSection
	GlobalSection(SolutionProperties) = preSolution
		HideSolutionNode = FALSE
	EndGlobalSection
	GlobalSection(ExtensibilityGlobals) = postSolution
		SolutionGuid = {B863C249-0D94-463C-8240-D2151E8FBA0B}
	EndGlobalSection
EndGlobal
